
Microsoft Visual Studio Solution File, Format Version 11.00
# Visual Studio 2010
Project("{8BC9CEB8-8B4A-11D0-8D11-00A0C91BC942}") = "a8_2 Project", "a8_2 Project\a8_2 Project.vcxproj", "{93692749-EEAF-4948-B99E-153E41B9D0E9}"
EndProject
Global
	GlobalSection(SolutionConfigurationPlatforms) = preSolution
		Debug|Win32 = Debug|Win32
		Release|Win32 = Release|Win32
	EndGlobalSection
	GlobalSection(ProjectConfigurationPlatforms) = postSolution
		{93692749-EEAF-4948-B99E-153E41B9D0E9}.Debug|Win32.ActiveCfg = Debug|Win32
		{93692749-EEAF-4948-B99E-153E41B9D0E9}.Debug|Win32.Build.0 = Debug|Win32
		{93692749-EEAF-4948-B99E-153E41B9D0E9}.Release|Win32.ActiveCfg = Release|Win32
		{93692749-EEAF-4948-B99E-153E41B9D0E9}.Release|Win32.Build.0 = Release|Win32
	EndGlobalSection
	GlobalSection(SolutionProperties) = preSolution
		HideSolutionNode = FALSE
	EndGlobalSection
EndGlobal
